
Microsoft Visual Studio Solution File, Format Version 12.00
Project("{FAE04EC0-301F-11D3-BF4B-00C04F79EFBC}") = "WinterSemesterSetRealization", "WinterSemesterSetRealization\WinterSemesterSetRealization.csproj", "{A649F239-2510-4343-8B86-79B16BBCE8B2}"
EndProject
Global
	GlobalSection(SolutionConfigurationPlatforms) = preSolution
		Debug|Any CPU = Debug|Any CPU
		Release|Any CPU = Release|Any CPU
	EndGlobalSection
	GlobalSection(ProjectConfigurationPlatforms) = postSolution
		{A649F239-2510-4343-8B86-79B16BBCE8B2}.Debug|Any CPU.ActiveCfg = Debug|Any CPU
		{A649F239-2510-4343-8B86-79B16BBCE8B2}.Debug|Any CPU.Build.0 = Debug|Any CPU
		{A649F239-2510-4343-8B86-79B16BBCE8B2}.Release|Any CPU.ActiveCfg = Release|Any CPU
		{A649F239-2510-4343-8B86-79B16BBCE8B2}.Release|Any CPU.Build.0 = Release|Any CPU
	EndGlobalSection
EndGlobal
